
Microsoft Visual Studio Solution File, Format Version 12.00
# Visual Studio Version 17
VisualStudioVersion = 17.6.33829.357
MinimumVisualStudioVersion = 10.0.40219.1
Project("{FAE04EC0-301F-11D3-BF4B-00C04F79EFBC}") = "SecSmallest", "SecSmallest.csproj", "{025B2512-7C4A-46D4-BF2E-4B3803CDFAC9}"
EndProject
Global
	GlobalSection(SolutionConfigurationPlatforms) = preSolution
		Debug|Any CPU = Debug|Any CPU
		Release|Any CPU = Release|Any CPU
	EndGlobalSection
	GlobalSection(ProjectConfigurationPlatforms) = postSolution
		{025B2512-7C4A-46D4-BF2E-4B3803CDFAC9}.Debug|Any CPU.ActiveCfg = Debug|Any CPU
		{025B2512-7C4A-46D4-BF2E-4B3803CDFAC9}.Debug|Any CPU.Build.0 = Debug|Any CPU
		{025B2512-7C4A-46D4-BF2E-4B3803CDFAC9}.Release|Any CPU.ActiveCfg = Release|Any CPU
		{025B2512-7C4A-46D4-BF2E-4B3803CDFAC9}.Release|Any CPU.Build.0 = Release|Any CPU
	EndGlobalSection
	GlobalSection(SolutionProperties) = preSolution
		HideSolutionNode = FALSE
	EndGlobalSection
	GlobalSection(ExtensibilityGlobals) = postSolution
		SolutionGuid = {E71CB7C5-96D8-43D7-BE7E-9DF59A1D6D2C}
	EndGlobalSection
EndGlobal
