
Microsoft Visual Studio Solution File, Format Version 12.00
# Visual Studio Version 17
VisualStudioVersion = 17.6.33829.357
MinimumVisualStudioVersion = 10.0.40219.1
Project("{FAE04EC0-301F-11D3-BF4B-00C04F79EFBC}") = "Rverse", "Rverse.csproj", "{95D9AF2E-FDD1-4231-A005-1ECD6B97D598}"
EndProject
Global
	GlobalSection(SolutionConfigurationPlatforms) = preSolution
		Debug|Any CPU = Debug|Any CPU
		Release|Any CPU = Release|Any CPU
	EndGlobalSection
	GlobalSection(ProjectConfigurationPlatforms) = postSolution
		{95D9AF2E-FDD1-4231-A005-1ECD6B97D598}.Debug|Any CPU.ActiveCfg = Debug|Any CPU
		{95D9AF2E-FDD1-4231-A005-1ECD6B97D598}.Debug|Any CPU.Build.0 = Debug|Any CPU
		{95D9AF2E-FDD1-4231-A005-1ECD6B97D598}.Release|Any CPU.ActiveCfg = Release|Any CPU
		{95D9AF2E-FDD1-4231-A005-1ECD6B97D598}.Release|Any CPU.Build.0 = Release|Any CPU
	EndGlobalSection
	GlobalSection(SolutionProperties) = preSolution
		HideSolutionNode = FALSE
	EndGlobalSection
	GlobalSection(ExtensibilityGlobals) = postSolution
		SolutionGuid = {289BB921-F19A-4BC7-9279-7EF70FDBD97F}
	EndGlobalSection
EndGlobal
