
Microsoft Visual Studio Solution File, Format Version 12.00
# Visual Studio Version 17
VisualStudioVersion = 17.6.33829.357
MinimumVisualStudioVersion = 10.0.40219.1
Project("{FAE04EC0-301F-11D3-BF4B-00C04F79EFBC}") = "CountEvOdd", "CountEvOdd.csproj", "{978FAD6B-A2FA-47F5-A235-53EDF06B569B}"
EndProject
Global
	GlobalSection(SolutionConfigurationPlatforms) = preSolution
		Debug|Any CPU = Debug|Any CPU
		Release|Any CPU = Release|Any CPU
	EndGlobalSection
	GlobalSection(ProjectConfigurationPlatforms) = postSolution
		{978FAD6B-A2FA-47F5-A235-53EDF06B569B}.Debug|Any CPU.ActiveCfg = Debug|Any CPU
		{978FAD6B-A2FA-47F5-A235-53EDF06B569B}.Debug|Any CPU.Build.0 = Debug|Any CPU
		{978FAD6B-A2FA-47F5-A235-53EDF06B569B}.Release|Any CPU.ActiveCfg = Release|Any CPU
		{978FAD6B-A2FA-47F5-A235-53EDF06B569B}.Release|Any CPU.Build.0 = Release|Any CPU
	EndGlobalSection
	GlobalSection(SolutionProperties) = preSolution
		HideSolutionNode = FALSE
	EndGlobalSection
	GlobalSection(ExtensibilityGlobals) = postSolution
		SolutionGuid = {1A86FA1F-A7A1-44ED-ADC6-1D690A406731}
	EndGlobalSection
EndGlobal
