
Microsoft Visual Studio Solution File, Format Version 12.00
# Visual Studio Version 17
VisualStudioVersion = 17.6.33829.357
MinimumVisualStudioVersion = 10.0.40219.1
Project("{FAE04EC0-301F-11D3-BF4B-00C04F79EFBC}") = "MultipliesElement", "MultipliesElement.csproj", "{3A6E561F-A376-4DFE-B9A4-16AFE42A9FCB}"
EndProject
Global
	GlobalSection(SolutionConfigurationPlatforms) = preSolution
		Debug|Any CPU = Debug|Any CPU
		Release|Any CPU = Release|Any CPU
	EndGlobalSection
	GlobalSection(ProjectConfigurationPlatforms) = postSolution
		{3A6E561F-A376-4DFE-B9A4-16AFE42A9FCB}.Debug|Any CPU.ActiveCfg = Debug|Any CPU
		{3A6E561F-A376-4DFE-B9A4-16AFE42A9FCB}.Debug|Any CPU.Build.0 = Debug|Any CPU
		{3A6E561F-A376-4DFE-B9A4-16AFE42A9FCB}.Release|Any CPU.ActiveCfg = Release|Any CPU
		{3A6E561F-A376-4DFE-B9A4-16AFE42A9FCB}.Release|Any CPU.Build.0 = Release|Any CPU
	EndGlobalSection
	GlobalSection(SolutionProperties) = preSolution
		HideSolutionNode = FALSE
	EndGlobalSection
	GlobalSection(ExtensibilityGlobals) = postSolution
		SolutionGuid = {CC6CA54A-1206-4241-98FC-F531563888A7}
	EndGlobalSection
EndGlobal
