
Microsoft Visual Studio Solution File, Format Version 12.00
# Visual Studio Version 17
VisualStudioVersion = 17.6.33829.357
MinimumVisualStudioVersion = 10.0.40219.1
Project("{FAE04EC0-301F-11D3-BF4B-00C04F79EFBC}") = "findSum", "findSum.csproj", "{D110D108-0101-43FE-9F0F-DEC674963499}"
EndProject
Global
	GlobalSection(SolutionConfigurationPlatforms) = preSolution
		Debug|Any CPU = Debug|Any CPU
		Release|Any CPU = Release|Any CPU
	EndGlobalSection
	GlobalSection(ProjectConfigurationPlatforms) = postSolution
		{D110D108-0101-43FE-9F0F-DEC674963499}.Debug|Any CPU.ActiveCfg = Debug|Any CPU
		{D110D108-0101-43FE-9F0F-DEC674963499}.Debug|Any CPU.Build.0 = Debug|Any CPU
		{D110D108-0101-43FE-9F0F-DEC674963499}.Release|Any CPU.ActiveCfg = Release|Any CPU
		{D110D108-0101-43FE-9F0F-DEC674963499}.Release|Any CPU.Build.0 = Release|Any CPU
	EndGlobalSection
	GlobalSection(SolutionProperties) = preSolution
		HideSolutionNode = FALSE
	EndGlobalSection
	GlobalSection(ExtensibilityGlobals) = postSolution
		SolutionGuid = {EEE49DB5-A1D6-45A2-A733-B83EB0F7E0D0}
	EndGlobalSection
EndGlobal
