
Microsoft Visual Studio Solution File, Format Version 12.00
# Visual Studio Version 17
VisualStudioVersion = 17.6.33829.357
MinimumVisualStudioVersion = 10.0.40219.1
Project("{FAE04EC0-301F-11D3-BF4B-00C04F79EFBC}") = "CalAvg", "CalAvg.csproj", "{E29098A7-6428-43F0-BF08-5455A9CB7FDE}"
EndProject
Global
	GlobalSection(SolutionConfigurationPlatforms) = preSolution
		Debug|Any CPU = Debug|Any CPU
		Release|Any CPU = Release|Any CPU
	EndGlobalSection
	GlobalSection(ProjectConfigurationPlatforms) = postSolution
		{E29098A7-6428-43F0-BF08-5455A9CB7FDE}.Debug|Any CPU.ActiveCfg = Debug|Any CPU
		{E29098A7-6428-43F0-BF08-5455A9CB7FDE}.Debug|Any CPU.Build.0 = Debug|Any CPU
		{E29098A7-6428-43F0-BF08-5455A9CB7FDE}.Release|Any CPU.ActiveCfg = Release|Any CPU
		{E29098A7-6428-43F0-BF08-5455A9CB7FDE}.Release|Any CPU.Build.0 = Release|Any CPU
	EndGlobalSection
	GlobalSection(SolutionProperties) = preSolution
		HideSolutionNode = FALSE
	EndGlobalSection
	GlobalSection(ExtensibilityGlobals) = postSolution
		SolutionGuid = {E13EFF34-07C6-4920-BA5A-908070C75E5A}
	EndGlobalSection
EndGlobal
